
Microsoft Visual Studio Solution File, Format Version 12.00
# Visual Studio Version 16
VisualStudioVersion = 16.0.31702.278
MinimumVisualStudioVersion = 10.0.40219.1
Project("{9A19103F-16F7-4668-BE54-9A1E7A4F7556}") = "Lab4", "Lab4\Lab4.csproj", "{5BDAF5B9-0496-4717-B024-C72766124F2F}"
EndProject
Global
	GlobalSection(SolutionConfigurationPlatforms) = preSolution
		Debug|Any CPU = Debug|Any CPU
		Release|Any CPU = Release|Any CPU
	EndGlobalSection
	GlobalSection(ProjectConfigurationPlatforms) = postSolution
		{5BDAF5B9-0496-4717-B024-C72766124F2F}.Debug|Any CPU.ActiveCfg = Debug|Any CPU
		{5BDAF5B9-0496-4717-B024-C72766124F2F}.Debug|Any CPU.Build.0 = Debug|Any CPU
		{5BDAF5B9-0496-4717-B024-C72766124F2F}.Release|Any CPU.ActiveCfg = Release|Any CPU
		{5BDAF5B9-0496-4717-B024-C72766124F2F}.Release|Any CPU.Build.0 = Release|Any CPU
	EndGlobalSection
	GlobalSection(SolutionProperties) = preSolution
		HideSolutionNode = FALSE
	EndGlobalSection
	GlobalSection(ExtensibilityGlobals) = postSolution
		SolutionGuid = {54406922-559B-477C-8B9F-26C508A547E1}
	EndGlobalSection
EndGlobal
